
Microsoft Visual Studio Solution File, Format Version 12.00
# Visual Studio Version 17
VisualStudioVersion = 17.8.34408.163
MinimumVisualStudioVersion = 10.0.40219.1
Project("{FAE04EC0-301F-11D3-BF4B-00C04F79EFBC}") = "inst uygulama 1", "inst uygulama 1.csproj", "{3DF294FF-480C-4155-96A1-4ABC2D771F7D}"
EndProject
Global
	GlobalSection(SolutionConfigurationPlatforms) = preSolution
		Debug|Any CPU = Debug|Any CPU
		Release|Any CPU = Release|Any CPU
	EndGlobalSection
	GlobalSection(ProjectConfigurationPlatforms) = postSolution
		{3DF294FF-480C-4155-96A1-4ABC2D771F7D}.Debug|Any CPU.ActiveCfg = Debug|Any CPU
		{3DF294FF-480C-4155-96A1-4ABC2D771F7D}.Debug|Any CPU.Build.0 = Debug|Any CPU
		{3DF294FF-480C-4155-96A1-4ABC2D771F7D}.Release|Any CPU.ActiveCfg = Release|Any CPU
		{3DF294FF-480C-4155-96A1-4ABC2D771F7D}.Release|Any CPU.Build.0 = Release|Any CPU
	EndGlobalSection
	GlobalSection(SolutionProperties) = preSolution
		HideSolutionNode = FALSE
	EndGlobalSection
	GlobalSection(ExtensibilityGlobals) = postSolution
		SolutionGuid = {B0FE3DEB-9A7C-4EDB-A5FC-4F60FC9900B0}
	EndGlobalSection
EndGlobal
